// !$*UTF8*$!
{
	archiveVersion = 1;
	classes = {
	};
	objectVersion = 50;
	objects = {

/* Begin PBXBuildFile section */
		16E93EB9228DF1BC00F2DFAF /* AppDelegate.swift in Sources */ = {isa = PBXBuildFile; fileRef = 16E93EB8228DF1BC00F2DFAF /* AppDelegate.swift */; };
		16E93EBE228DF1BC00F2DFAF /* Main.storyboard in Resources */ = {isa = PBXBuildFile; fileRef = 16E93EBC228DF1BC00F2DFAF /* Main.storyboard */; };
		16E93EC0228DF1BD00F2DFAF /* Assets.xcassets in Resources */ = {isa = PBXBuildFile; fileRef = 16E93EBF228DF1BD00F2DFAF /* Assets.xcassets */; };
		16E93EC3228DF1BD00F2DFAF /* LaunchScreen.storyboard in Resources */ = {isa = PBXBuildFile; fileRef = 16E93EC1228DF1BD00F2DFAF /* LaunchScreen.storyboard */; };
		16E93ECE228DF22F00F2DFAF /* Representative.swift in Sources */ = {isa = PBXBuildFile; fileRef = 16E93ECD228DF22F00F2DFAF /* Representative.swift */; };
		16E93ED1228DF34200F2DFAF /* RepresentativeController.swift in Sources */ = {isa = PBXBuildFile; fileRef = 16E93ED0228DF34200F2DFAF /* RepresentativeController.swift */; };
		16E93ED4228DF73300F2DFAF /* StateListTableViewController.swift in Sources */ = {isa = PBXBuildFile; fileRef = 16E93ED3228DF73300F2DFAF /* StateListTableViewController.swift */; };
		16E93ED7228DF79F00F2DFAF /* State.swift in Sources */ = {isa = PBXBuildFile; fileRef = 16E93ED6228DF79F00F2DFAF /* State.swift */; };
		16E93ED9228DFA1800F2DFAF /* StateDetailTableViewController.swift in Sources */ = {isa = PBXBuildFile; fileRef = 16E93ED8228DFA1800F2DFAF /* StateDetailTableViewController.swift */; };
		16E93EDB228DFE0900F2DFAF /* RepresentativeTableViewCell.swift in Sources */ = {isa = PBXBuildFile; fileRef = 16E93EDA228DFE0900F2DFAF /* RepresentativeTableViewCell.swift */; };
/* End PBXBuildFile section */

/* Begin PBXFileReference section */
		16E93EB5228DF1BC00F2DFAF /* Representatives.app */ = {isa = PBXFileReference; explicitFileType = wrapper.application; includeInIndex = 0; path = Representatives.app; sourceTree = BUILT_PRODUCTS_DIR; };
		16E93EB8228DF1BC00F2DFAF /* AppDelegate.swift */ = {isa = PBXFileReference; lastKnownFileType = sourcecode.swift; path = AppDelegate.swift; sourceTree = "<group>"; };
		16E93EBD228DF1BC00F2DFAF /* Base */ = {isa = PBXFileReference; lastKnownFileType = file.storyboard; name = Base; path = Base.lproj/Main.storyboard; sourceTree = "<group>"; };
		16E93EBF228DF1BD00F2DFAF /* Assets.xcassets */ = {isa = PBXFileReference; lastKnownFileType = folder.assetcatalog; path = Assets.xcassets; sourceTree = "<group>"; };
		16E93EC2228DF1BD00F2DFAF /* Base */ = {isa = PBXFileReference; lastKnownFileType = file.storyboard; name = Base; path = Base.lproj/LaunchScreen.storyboard; sourceTree = "<group>"; };
		16E93EC4228DF1BD00F2DFAF /* Info.plist */ = {isa = PBXFileReference; lastKnownFileType = text.plist.xml; path = Info.plist; sourceTree = "<group>"; };
		16E93ECD228DF22F00F2DFAF /* Representative.swift */ = {isa = PBXFileReference; lastKnownFileType = sourcecode.swift; path = Representative.swift; sourceTree = "<group>"; };
		16E93ED0228DF34200F2DFAF /* RepresentativeController.swift */ = {isa = PBXFileReference; lastKnownFileType = sourcecode.swift; path = RepresentativeController.swift; sourceTree = "<group>"; };
		16E93ED3228DF73300F2DFAF /* StateListTableViewController.swift */ = {isa = PBXFileReference; lastKnownFileType = sourcecode.swift; path = StateListTableViewController.swift; sourceTree = "<group>"; };
		16E93ED6228DF79F00F2DFAF /* State.swift */ = {isa = PBXFileReference; lastKnownFileType = sourcecode.swift; path = State.swift; sourceTree = "<group>"; };
		16E93ED8228DFA1800F2DFAF /* StateDetailTableViewController.swift */ = {isa = PBXFileReference; lastKnownFileType = sourcecode.swift; path = StateDetailTableViewController.swift; sourceTree = "<group>"; };
		16E93EDA228DFE0900F2DFAF /* RepresentativeTableViewCell.swift */ = {isa = PBXFileReference; lastKnownFileType = sourcecode.swift; path = RepresentativeTableViewCell.swift; sourceTree = "<group>"; };
/* End PBXFileReference section */

/* Begin PBXFrameworksBuildPhase section */
		16E93EB2228DF1BC00F2DFAF /* Frameworks */ = {
			isa = PBXFrameworksBuildPhase;
			buildActionMask = 2147483647;
			files = (
			);
			runOnlyForDeploymentPostprocessing = 0;
		};
/* End PBXFrameworksBuildPhase section */

/* Begin PBXGroup section */
		16E93EAC228DF1BC00F2DFAF = {
			isa = PBXGroup;
			children = (
				16E93EB7228DF1BC00F2DFAF /* Representatives */,
				16E93EB6228DF1BC00F2DFAF /* Products */,
			);
			sourceTree = "<group>";
		};
		16E93EB6228DF1BC00F2DFAF /* Products */ = {
			isa = PBXGroup;
			children = (
				16E93EB5228DF1BC00F2DFAF /* Representatives.app */,
			);
			name = Products;
			sourceTree = "<group>";
		};
		16E93EB7228DF1BC00F2DFAF /* Representatives */ = {
			isa = PBXGroup;
			children = (
				16E93ED2228DF34700F2DFAF /* Model Controllers */,
				16E93ECF228DF23500F2DFAF /* Models */,
				16E93ED5228DF73700F2DFAF /* View Controllers */,
				16E93ECA228DF1CF00F2DFAF /* Resources */,
				16E93EBC228DF1BC00F2DFAF /* Main.storyboard */,
				16E93EDC228DFE0D00F2DFAF /* Views */,
			);
			path = Representatives;
			sourceTree = "<group>";
		};
		16E93ECA228DF1CF00F2DFAF /* Resources */ = {
			isa = PBXGroup;
			children = (
				16E93EB8228DF1BC00F2DFAF /* AppDelegate.swift */,
				16E93EBF228DF1BD00F2DFAF /* Assets.xcassets */,
				16E93EC1228DF1BD00F2DFAF /* LaunchScreen.storyboard */,
				16E93EC4228DF1BD00F2DFAF /* Info.plist */,
			);
			path = Resources;
			sourceTree = "<group>";
		};
		16E93ECF228DF23500F2DFAF /* Models */ = {
			isa = PBXGroup;
			children = (
				16E93ECD228DF22F00F2DFAF /* Representative.swift */,
				16E93ED6228DF79F00F2DFAF /* State.swift */,
			);
			path = Models;
			sourceTree = "<group>";
		};
		16E93ED2228DF34700F2DFAF /* Model Controllers */ = {
			isa = PBXGroup;
			children = (
				16E93ED0228DF34200F2DFAF /* RepresentativeController.swift */,
			);
			path = "Model Controllers";
			sourceTree = "<group>";
		};
		16E93ED5228DF73700F2DFAF /* View Controllers */ = {
			isa = PBXGroup;
			children = (
				16E93ED3228DF73300F2DFAF /* StateListTableViewController.swift */,
				16E93ED8228DFA1800F2DFAF /* StateDetailTableViewController.swift */,
			);
			path = "View Controllers";
			sourceTree = "<group>";
		};
		16E93EDC228DFE0D00F2DFAF /* Views */ = {
			isa = PBXGroup;
			children = (
				16E93EDA228DFE0900F2DFAF /* RepresentativeTableViewCell.swift */,
			);
			path = Views;
			sourceTree = "<group>";
		};
/* End PBXGroup section */

/* Begin PBXNativeTarget section */
		16E93EB4228DF1BC00F2DFAF /* Representatives */ = {
			isa = PBXNativeTarget;
			buildConfigurationList = 16E93EC7228DF1BD00F2DFAF /* Build configuration list for PBXNativeTarget "Representatives" */;
			buildPhases = (
				16E93EB1228DF1BC00F2DFAF /* Sources */,
				16E93EB2228DF1BC00F2DFAF /* Frameworks */,
				16E93EB3228DF1BC00F2DFAF /* Resources */,
			);
			buildRules = (
			);
			dependencies = (
			);
			name = Representatives;
			productName = Representatives;
			productReference = 16E93EB5228DF1BC00F2DFAF /* Representatives.app */;
			productType = "com.apple.product-type.application";
		};
/* End PBXNativeTarget section */

/* Begin PBXProject section */
		16E93EAD228DF1BC00F2DFAF /* Project object */ = {
			isa = PBXProject;
			attributes = {
				LastSwiftUpdateCheck = 1020;
				LastUpgradeCheck = 1020;
				ORGANIZATIONNAME = "Jordan Hendrickson";
				TargetAttributes = {
					16E93EB4228DF1BC00F2DFAF = {
						CreatedOnToolsVersion = 10.2.1;
					};
				};
			};
			buildConfigurationList = 16E93EB0228DF1BC00F2DFAF /* Build configuration list for PBXProject "Representatives" */;
			compatibilityVersion = "Xcode 9.3";
			developmentRegion = en;
			hasScannedForEncodings = 0;
			knownRegions = (
				en,
				Base,
			);
			mainGroup = 16E93EAC228DF1BC00F2DFAF;
			productRefGroup = 16E93EB6228DF1BC00F2DFAF /* Products */;
			projectDirPath = "";
			projectRoot = "";
			targets = (
				16E93EB4228DF1BC00F2DFAF /* Representatives */,
			);
		};
/* End PBXProject section */

/* Begin PBXResourcesBuildPhase section */
		16E93EB3228DF1BC00F2DFAF /* Resources */ = {
			isa = PBXResourcesBuildPhase;
			buildActionMask = 2147483647;
			files = (
				16E93EC3228DF1BD00F2DFAF /* LaunchScreen.storyboard in Resources */,
				16E93EC0228DF1BD00F2DFAF /* Assets.xcassets in Resources */,
				16E93EBE228DF1BC00F2DFAF /* Main.storyboard in Resources */,
			);
			runOnlyForDeploymentPostprocessing = 0;
		};
/* End PBXResourcesBuildPhase section */

/* Begin PBXSourcesBuildPhase section */
		16E93EB1228DF1BC00F2DFAF /* Sources */ = {
			isa = PBXSourcesBuildPhase;
			buildActionMask = 2147483647;
			files = (
				16E93EDB228DFE0900F2DFAF /* RepresentativeTableViewCell.swift in Sources */,
				16E93ECE228DF22F00F2DFAF /* Representative.swift in Sources */,
				16E93ED4228DF73300F2DFAF /* StateListTableViewController.swift in Sources */,
				16E93ED9228DFA1800F2DFAF /* StateDetailTableViewController.swift in Sources */,
				16E93ED1228DF34200F2DFAF /* RepresentativeController.swift in Sources */,
				16E93ED7228DF79F00F2DFAF /* State.swift in Sources */,
				16E93EB9228DF1BC00F2DFAF /* AppDelegate.swift in Sources */,
			);
			runOnlyForDeploymentPostprocessing = 0;
		};
/* End PBXSourcesBuildPhase section */

/* Begin PBXVariantGroup section */
		16E93EBC228DF1BC00F2DFAF /* Main.storyboard */ = {
			isa = PBXVariantGroup;
			children = (
				16E93EBD228DF1BC00F2DFAF /* Base */,
			);
			name = Main.storyboard;
			sourceTree = "<group>";
		};
		16E93EC1228DF1BD00F2DFAF /* LaunchScreen.storyboard */ = {
			isa = PBXVariantGroup;
			children = (
				16E93EC2228DF1BD00F2DFAF /* Base */,
			);
			name = LaunchScreen.storyboard;
			sourceTree = "<group>";
		};
/* End PBXVariantGroup section */

/* Begin XCBuildConfiguration section */
		16E93EC5228DF1BD00F2DFAF /* Debug */ = {
			isa = XCBuildConfiguration;
			buildSettings = {
				ALWAYS_SEARCH_USER_PATHS = NO;
				CLANG_ANALYZER_NONNULL = YES;
				CLANG_ANALYZER_NUMBER_OBJECT_CONVERSION = YES_AGGRESSIVE;
				CLANG_CXX_LANGUAGE_STANDARD = "gnu++14";
				CLANG_CXX_LIBRARY = "libc++";
				CLANG_ENABLE_MODULES = YES;
				CLANG_ENABLE_OBJC_ARC = YES;
				CLANG_ENABLE_OBJC_WEAK = YES;
				CLANG_WARN_BLOCK_CAPTURE_AUTORELEASING = YES;
				CLANG_WARN_BOOL_CONVERSION = YES;
				CLANG_WARN_COMMA = YES;
				CLANG_WARN_CONSTANT_CONVERSION = YES;
				CLANG_WARN_DEPRECATED_OBJC_IMPLEMENTATIONS = YES;
				CLANG_WARN_DIRECT_OBJC_ISA_USAGE = YES_ERROR;
				CLANG_WARN_DOCUMENTATION_COMMENTS = YES;
				CLANG_WARN_EMPTY_BODY = YES;
				CLANG_WARN_ENUM_CONVERSION = YES;
				CLANG_WARN_INFINITE_RECURSION = YES;
				CLANG_WARN_INT_CONVERSION = YES;
				CLANG_WARN_NON_LITERAL_NULL_CONVERSION = YES;
				CLANG_WARN_OBJC_IMPLICIT_RETAIN_SELF = YES;
				CLANG_WARN_OBJC_LITERAL_CONVERSION = YES;
				CLANG_WARN_OBJC_ROOT_CLASS = YES_ERROR;
				CLANG_WARN_RANGE_LOOP_ANALYSIS = YES;
				CLANG_WARN_STRICT_PROTOTYPES = YES;
				CLANG_WARN_SUSPICIOUS_MOVE = YES;
				CLANG_WARN_UNGUARDED_AVAILABILITY = YES_AGGRESSIVE;
				CLANG_WARN_UNREACHABLE_CODE = YES;
				CLANG_WARN__DUPLICATE_METHOD_MATCH = YES;
				CODE_SIGN_IDENTITY = "iPhone Developer";
				COPY_PHASE_STRIP = NO;
				DEBUG_INFORMATION_FORMAT = dwarf;
				ENABLE_STRICT_OBJC_MSGSEND = YES;
				ENABLE_TESTABILITY = YES;
				GCC_C_LANGUAGE_STANDARD = gnu11;
				GCC_DYNAMIC_NO_PIC = NO;
				GCC_NO_COMMON_BLOCKS = YES;
				GCC_OPTIMIZATION_LEVEL = 0;
				GCC_PREPROCESSOR_DEFINITIONS = (
					"DEBUG=1",
					"$(inherited)",
				);
				GCC_WARN_64_TO_32_BIT_CONVERSION = YES;
				GCC_WARN_ABOUT_RETURN_TYPE = YES_ERROR;
				GCC_WARN_UNDECLARED_SELECTOR = YES;
				GCC_WARN_UNINITIALIZED_AUTOS = YES_AGGRESSIVE;
				GCC_WARN_UNUSED_FUNCTION = YES;
				GCC_WARN_UNUSED_VARIABLE = YES;
				IPHONEOS_DEPLOYMENT_TARGET = 12.2;
				MTL_ENABLE_DEBUG_INFO = INCLUDE_SOURCE;
				MTL_FAST_MATH = YES;
				ONLY_ACTIVE_ARCH = YES;
				SDKROOT = iphoneos;
				SWIFT_ACTIVE_COMPILATION_CONDITIONS = DEBUG;
				SWIFT_OPTIMIZATION_LEVEL = "-Onone";
			};
			name = Debug;
		};
		16E93EC6228DF1BD00F2DFAF /* Release */ = {
			isa = XCBuildConfiguration;
			buildSettings = {
				ALWAYS_SEARCH_USER_PATHS = NO;
				CLANG_ANALYZER_NONNULL = YES;
				CLANG_ANALYZER_NUMBER_OBJECT_CONVERSION = YES_AGGRESSIVE;
				CLANG_CXX_LANGUAGE_STANDARD = "gnu++14";
				CLANG_CXX_LIBRARY = "libc++";
				CLANG_ENABLE_MODULES = YES;
				CLANG_ENABLE_OBJC_ARC = YES;
				CLANG_ENABLE_OBJC_WEAK = YES;
				CLANG_WARN_BLOCK_CAPTURE_AUTORELEASING = YES;
				CLANG_WARN_BOOL_CONVERSION = YES;
				CLANG_WARN_COMMA = YES;
				CLANG_WARN_CONSTANT_CONVERSION = YES;
				CLANG_WARN_DEPRECATED_OBJC_IMPLEMENTATIONS = YES;
				CLANG_WARN_DIRECT_OBJC_ISA_USAGE = YES_ERROR;
				CLANG_WARN_DOCUMENTATION_COMMENTS = YES;
				CLANG_WARN_EMPTY_BODY = YES;
				CLANG_WARN_ENUM_CONVERSION = YES;
				CLANG_WARN_INFINITE_RECURSION = YES;
				CLANG_WARN_INT_CONVERSION = YES;
				CLANG_WARN_NON_LITERAL_NULL_CONVERSION = YES;
				CLANG_WARN_OBJC_IMPLICIT_RETAIN_SELF = YES;
				CLANG_WARN_OBJC_LITERAL_CONVERSION = YES;
				CLANG_WARN_OBJC_ROOT_CLASS = YES_ERROR;
				CLANG_WARN_RANGE_LOOP_ANALYSIS = YES;
				CLANG_WARN_STRICT_PROTOTYPES = YES;
				CLANG_WARN_SUSPICIOUS_MOVE = YES;
				CLANG_WARN_UNGUARDED_AVAILABILITY = YES_AGGRESSIVE;
				CLANG_WARN_UNREACHABLE_CODE = YES;
				CLANG_WARN__DUPLICATE_METHOD_MATCH = YES;
				CODE_SIGN_IDENTITY = "iPhone Developer";
				COPY_PHASE_STRIP = NO;
				DEBUG_INFORMATION_FORMAT = "dwarf-with-dsym";
				ENABLE_NS_ASSERTIONS = NO;
				ENABLE_STRICT_OBJC_MSGSEND = YES;
				GCC_C_LANGUAGE_STANDARD = gnu11;
				GCC_NO_COMMON_BLOCKS = YES;
				GCC_WARN_64_TO_32_BIT_CONVERSION = YES;
				GCC_WARN_ABOUT_RETURN_TYPE = YES_ERROR;
				GCC_WARN_UNDECLARED_SELECTOR = YES;
				GCC_WARN_UNINITIALIZED_AUTOS = YES_AGGRESSIVE;
				GCC_WARN_UNUSED_FUNCTION = YES;
				GCC_WARN_UNUSED_VARIABLE = YES;
				IPHONEOS_DEPLOYMENT_TARGET = 12.2;
				MTL_ENABLE_DEBUG_INFO = NO;
				MTL_FAST_MATH = YES;
				SDKROOT = iphoneos;
				SWIFT_COMPILATION_MODE = wholemodule;
				SWIFT_OPTIMIZATION_LEVEL = "-O";
				VALIDATE_PRODUCT = YES;
			};
			name = Release;
		};
		16E93EC8228DF1BD00F2DFAF /* Debug */ = {
			isa = XCBuildConfiguration;
			buildSettings = {
				ASSETCATALOG_COMPILER_APPICON_NAME = AppIcon;
				CODE_SIGN_STYLE = Automatic;
				DEVELOPMENT_TEAM = 43BBC72U4R;
				INFOPLIST_FILE = "$(SRCROOT)/Representatives/Resources/Info.plist";
				LD_RUNPATH_SEARCH_PATHS = (
					"$(inherited)",
					"@executable_path/Frameworks",
				);
				PRODUCT_BUNDLE_IDENTIFIER = MyFirstAPP.Representatives;
				PRODUCT_NAME = "$(TARGET_NAME)";
				SWIFT_VERSION = 5.0;
				TARGETED_DEVICE_FAMILY = "1,2";
			};
			name = Debug;
		};
		16E93EC9228DF1BD00F2DFAF /* Release */ = {
			isa = XCBuildConfiguration;
			buildSettings = {
				ASSETCATALOG_COMPILER_APPICON_NAME = AppIcon;
				CODE_SIGN_STYLE = Automatic;
				DEVELOPMENT_TEAM = 43BBC72U4R;
				INFOPLIST_FILE = "$(SRCROOT)/Representatives/Resources/Info.plist";
				LD_RUNPATH_SEARCH_PATHS = (
					"$(inherited)",
					"@executable_path/Frameworks",
				);
				PRODUCT_BUNDLE_IDENTIFIER = MyFirstAPP.Representatives;
				PRODUCT_NAME = "$(TARGET_NAME)";
				SWIFT_VERSION = 5.0;
				TARGETED_DEVICE_FAMILY = "1,2";
			};
			name = Release;
		};
/* End XCBuildConfiguration section */

/* Begin XCConfigurationList section */
		16E93EB0228DF1BC00F2DFAF /* Build configuration list for PBXProject "Representatives" */ = {
			isa = XCConfigurationList;
			buildConfigurations = (
				16E93EC5228DF1BD00F2DFAF /* Debug */,
				16E93EC6228DF1BD00F2DFAF /* Release */,
			);
			defaultConfigurationIsVisible = 0;
			defaultConfigurationName = Release;
		};
		16E93EC7228DF1BD00F2DFAF /* Build configuration list for PBXNativeTarget "Representatives" */ = {
			isa = XCConfigurationList;
			buildConfigurations = (
				16E93EC8228DF1BD00F2DFAF /* Debug */,
				16E93EC9228DF1BD00F2DFAF /* Release */,
			);
			defaultConfigurationIsVisible = 0;
			defaultConfigurationName = Release;
		};
/* End XCConfigurationList section */
	};
	rootObject = 16E93EAD228DF1BC00F2DFAF /* Project object */;
}
